
Microsoft Visual Studio Solution File, Format Version 12.00
# Visual Studio Version 17
VisualStudioVersion = 17.13.35931.197 d17.13
MinimumVisualStudioVersion = 10.0.40219.1
Project("{FAE04EC0-301F-11D3-BF4B-00C04F79EFBC}") = "NhsoApp", "NhsoApp\NhsoApp.csproj", "{7BDD77B6-6ECD-45EE-9621-D04A71A88A2B}"
EndProject
Global
	GlobalSection(SolutionConfigurationPlatforms) = preSolution
		Debug|Any CPU = Debug|Any CPU
		Release|Any CPU = Release|Any CPU
	EndGlobalSection
	GlobalSection(ProjectConfigurationPlatforms) = postSolution
		{7BDD77B6-6ECD-45EE-9621-D04A71A88A2B}.Debug|Any CPU.ActiveCfg = Debug|Any CPU
		{7BDD77B6-6ECD-45EE-9621-D04A71A88A2B}.Debug|Any CPU.Build.0 = Debug|Any CPU
		{7BDD77B6-6ECD-45EE-9621-D04A71A88A2B}.Release|Any CPU.ActiveCfg = Release|Any CPU
		{7BDD77B6-6ECD-45EE-9621-D04A71A88A2B}.Release|Any CPU.Build.0 = Release|Any CPU
	EndGlobalSection
	GlobalSection(SolutionProperties) = preSolution
		HideSolutionNode = FALSE
	EndGlobalSection
	GlobalSection(ExtensibilityGlobals) = postSolution
		SolutionGuid = {B4EF8797-E175-4D36-AAA4-81CCA3D44833}
	EndGlobalSection
EndGlobal
